
Microsoft Visual Studio Solution File, Format Version 12.00
# Visual Studio Version 17
VisualStudioVersion = 17.5.002.0
MinimumVisualStudioVersion = 10.0.40219.1
Project("{9A19103F-16F7-4668-BE54-9A1E7A4F7556}") = "SociedadeTecnologia", "SociedadeTecnologia.csproj", "{B708A72B-2E5C-46CB-8A5C-3880C4EE8B51}"
EndProject
Global
	GlobalSection(SolutionConfigurationPlatforms) = preSolution
		Debug|Any CPU = Debug|Any CPU
		Release|Any CPU = Release|Any CPU
	EndGlobalSection
	GlobalSection(ProjectConfigurationPlatforms) = postSolution
		{B708A72B-2E5C-46CB-8A5C-3880C4EE8B51}.Debug|Any CPU.ActiveCfg = Debug|Any CPU
		{B708A72B-2E5C-46CB-8A5C-3880C4EE8B51}.Debug|Any CPU.Build.0 = Debug|Any CPU
		{B708A72B-2E5C-46CB-8A5C-3880C4EE8B51}.Release|Any CPU.ActiveCfg = Release|Any CPU
		{B708A72B-2E5C-46CB-8A5C-3880C4EE8B51}.Release|Any CPU.Build.0 = Release|Any CPU
	EndGlobalSection
	GlobalSection(SolutionProperties) = preSolution
		HideSolutionNode = FALSE
	EndGlobalSection
	GlobalSection(ExtensibilityGlobals) = postSolution
		SolutionGuid = {F4CE2F71-B140-4D8F-B5F0-C2C03FEAA0A4}
	EndGlobalSection
EndGlobal
